
Microsoft Visual Studio Solution File, Format Version 12.00
# Visual Studio Version 16
VisualStudioVersion = 16.0.30114.105
MinimumVisualStudioVersion = 10.0.40219.1
Project("{FAE04EC0-301F-11D3-BF4B-00C04F79EFBC}") = "Jesture", "Jesture\Jesture.csproj", "{010EAF7D-765E-499B-BE40-C3959F82B3C4}"
EndProject
Project("{2150E333-8FDC-42A3-9474-1A3956D46DE8}") = "Solution Items", "Solution Items", "{6605F177-4453-479C-B83A-DDB900791544}"
EndProject
Global
	GlobalSection(SolutionConfigurationPlatforms) = preSolution
		Debug|Any CPU = Debug|Any CPU
		Release|Any CPU = Release|Any CPU
	EndGlobalSection
	GlobalSection(ProjectConfigurationPlatforms) = postSolution
		{010EAF7D-765E-499B-BE40-C3959F82B3C4}.Debug|Any CPU.ActiveCfg = Debug|Any CPU
		{010EAF7D-765E-499B-BE40-C3959F82B3C4}.Debug|Any CPU.Build.0 = Debug|Any CPU
		{010EAF7D-765E-499B-BE40-C3959F82B3C4}.Release|Any CPU.ActiveCfg = Release|Any CPU
		{010EAF7D-765E-499B-BE40-C3959F82B3C4}.Release|Any CPU.Build.0 = Release|Any CPU
	EndGlobalSection
	GlobalSection(SolutionProperties) = preSolution
		HideSolutionNode = FALSE
	EndGlobalSection
	GlobalSection(ExtensibilityGlobals) = postSolution
		SolutionGuid = {BEE329A1-B52A-49A9-9331-162BCE589043}
	EndGlobalSection
EndGlobal
